
Microsoft Visual Studio Solution File, Format Version 12.00
# Visual Studio Version 17
VisualStudioVersion = 17.3.32922.545
MinimumVisualStudioVersion = 10.0.40219.1
Project("{FAE04EC0-301F-11D3-BF4B-00C04F79EFBC}") = "WebApplication143", "WebApplication143.csproj", "{EEA55425-0168-4604-B2B1-A241601E937A}"
EndProject
Global
	GlobalSection(SolutionConfigurationPlatforms) = preSolution
		Debug|Any CPU = Debug|Any CPU
		Release|Any CPU = Release|Any CPU
	EndGlobalSection
	GlobalSection(ProjectConfigurationPlatforms) = postSolution
		{EEA55425-0168-4604-B2B1-A241601E937A}.Debug|Any CPU.ActiveCfg = Debug|Any CPU
		{EEA55425-0168-4604-B2B1-A241601E937A}.Debug|Any CPU.Build.0 = Debug|Any CPU
		{EEA55425-0168-4604-B2B1-A241601E937A}.Release|Any CPU.ActiveCfg = Release|Any CPU
		{EEA55425-0168-4604-B2B1-A241601E937A}.Release|Any CPU.Build.0 = Release|Any CPU
	EndGlobalSection
	GlobalSection(SolutionProperties) = preSolution
		HideSolutionNode = FALSE
	EndGlobalSection
	GlobalSection(ExtensibilityGlobals) = postSolution
		SolutionGuid = {49AE3112-392D-43D4-9143-B00CFE13B951}
	EndGlobalSection
EndGlobal
